<Solution>
  <Folder Name="/Solution Items/">
    <File Path=".editorconfig" />
    <File Path=".gitattributes" />
    <File Path=".gitignore" />
    <File Path="Directory.Build.props" />
    <File Path="LICENSE.txt" />
    <File Path="README.md" />
  </Folder>
  <Project Path="src/LabelUtilities.Core/LabelUtilities.Core.csproj" />
  <Project Path="src/LabelUtilities.WinForms/LabelUtilities.WinForms.csproj" />
</Solution>
